
Microsoft Visual Studio Solution File, Format Version 12.00
# Visual Studio Version 16
VisualStudioVersion = 16.0.31019.35
MinimumVisualStudioVersion = 10.0.40219.1
Project("{FAE04EC0-301F-11D3-BF4B-00C04F79EFBC}") = "ontapc", "ontapc\ontapc.csproj", "{3B706474-3451-481A-97C9-AA30B97A0E4E}"
EndProject
Global
	GlobalSection(SolutionConfigurationPlatforms) = preSolution
		Debug|Any CPU = Debug|Any CPU
		Release|Any CPU = Release|Any CPU
	EndGlobalSection
	GlobalSection(ProjectConfigurationPlatforms) = postSolution
		{3B706474-3451-481A-97C9-AA30B97A0E4E}.Debug|Any CPU.ActiveCfg = Debug|Any CPU
		{3B706474-3451-481A-97C9-AA30B97A0E4E}.Debug|Any CPU.Build.0 = Debug|Any CPU
		{3B706474-3451-481A-97C9-AA30B97A0E4E}.Release|Any CPU.ActiveCfg = Release|Any CPU
		{3B706474-3451-481A-97C9-AA30B97A0E4E}.Release|Any CPU.Build.0 = Release|Any CPU
	EndGlobalSection
	GlobalSection(SolutionProperties) = preSolution
		HideSolutionNode = FALSE
	EndGlobalSection
	GlobalSection(ExtensibilityGlobals) = postSolution
		SolutionGuid = {ED8BC5AC-C6D6-4B88-8C89-A1DD31A21068}
	EndGlobalSection
EndGlobal
